
Microsoft Visual Studio Solution File, Format Version 12.00
# Visual Studio Version 17
VisualStudioVersion = 17.6.33815.320
MinimumVisualStudioVersion = 10.0.40219.1
Project("{FAE04EC0-301F-11D3-BF4B-00C04F79EFBC}") = "FamilyBudgetApp", "FamilyBudgetApp.csproj", "{2CB7AE82-8CDD-435A-B16E-4E586ABBAF2B}"
EndProject
Global
	GlobalSection(SolutionConfigurationPlatforms) = preSolution
		Debug|Any CPU = Debug|Any CPU
		Release|Any CPU = Release|Any CPU
	EndGlobalSection
	GlobalSection(ProjectConfigurationPlatforms) = postSolution
		{2CB7AE82-8CDD-435A-B16E-4E586ABBAF2B}.Debug|Any CPU.ActiveCfg = Debug|Any CPU
		{2CB7AE82-8CDD-435A-B16E-4E586ABBAF2B}.Debug|Any CPU.Build.0 = Debug|Any CPU
		{2CB7AE82-8CDD-435A-B16E-4E586ABBAF2B}.Release|Any CPU.ActiveCfg = Release|Any CPU
		{2CB7AE82-8CDD-435A-B16E-4E586ABBAF2B}.Release|Any CPU.Build.0 = Release|Any CPU
	EndGlobalSection
	GlobalSection(SolutionProperties) = preSolution
		HideSolutionNode = FALSE
	EndGlobalSection
	GlobalSection(ExtensibilityGlobals) = postSolution
		SolutionGuid = {F150DD36-AAF4-4A0E-8A2A-D1CEAFE2FD15}
	EndGlobalSection
EndGlobal
